
Microsoft Visual Studio Solution File, Format Version 12.00
# Visual Studio Version 17
VisualStudioVersion = 17.5.2.0
MinimumVisualStudioVersion = 10.0.40219.1
Project("{FAE04EC0-301F-11D3-BF4B-00C04F79EFBC}") = "BikeShop.API", "BikeShop.API\BikeShop.API.csproj", "{FCC8406B-1E36-E0F9-6A53-1BFA0A93F59B}"
EndProject
Project("{FAE04EC0-301F-11D3-BF4B-00C04F79EFBC}") = "BikeShop.Domain", "BikeShop.Domain\BikeShop.Domain.csproj", "{A639BDA4-B905-4563-88D7-ACC6C362B0A5}"
EndProject
Project("{FAE04EC0-301F-11D3-BF4B-00C04F79EFBC}") = "BikeShop.Infrastructure", "BikeShop.Infrastructure\BikeShop.Infrastructure.csproj", "{3CCA540E-ABD5-487B-BC14-888362726467}"
EndProject
Global
	GlobalSection(SolutionConfigurationPlatforms) = preSolution
		Debug|Any CPU = Debug|Any CPU
		Debug|x64 = Debug|x64
		Debug|x86 = Debug|x86
		Release|Any CPU = Release|Any CPU
		Release|x64 = Release|x64
		Release|x86 = Release|x86
	EndGlobalSection
	GlobalSection(ProjectConfigurationPlatforms) = postSolution
		{FCC8406B-1E36-E0F9-6A53-1BFA0A93F59B}.Debug|Any CPU.ActiveCfg = Debug|Any CPU
		{FCC8406B-1E36-E0F9-6A53-1BFA0A93F59B}.Debug|Any CPU.Build.0 = Debug|Any CPU
		{FCC8406B-1E36-E0F9-6A53-1BFA0A93F59B}.Debug|x64.ActiveCfg = Debug|Any CPU
		{FCC8406B-1E36-E0F9-6A53-1BFA0A93F59B}.Debug|x64.Build.0 = Debug|Any CPU
		{FCC8406B-1E36-E0F9-6A53-1BFA0A93F59B}.Debug|x86.ActiveCfg = Debug|Any CPU
		{FCC8406B-1E36-E0F9-6A53-1BFA0A93F59B}.Debug|x86.Build.0 = Debug|Any CPU
		{FCC8406B-1E36-E0F9-6A53-1BFA0A93F59B}.Release|Any CPU.ActiveCfg = Release|Any CPU
		{FCC8406B-1E36-E0F9-6A53-1BFA0A93F59B}.Release|Any CPU.Build.0 = Release|Any CPU
		{FCC8406B-1E36-E0F9-6A53-1BFA0A93F59B}.Release|x64.ActiveCfg = Release|Any CPU
		{FCC8406B-1E36-E0F9-6A53-1BFA0A93F59B}.Release|x64.Build.0 = Release|Any CPU
		{FCC8406B-1E36-E0F9-6A53-1BFA0A93F59B}.Release|x86.ActiveCfg = Release|Any CPU
		{FCC8406B-1E36-E0F9-6A53-1BFA0A93F59B}.Release|x86.Build.0 = Release|Any CPU
		{A639BDA4-B905-4563-88D7-ACC6C362B0A5}.Debug|Any CPU.ActiveCfg = Debug|Any CPU
		{A639BDA4-B905-4563-88D7-ACC6C362B0A5}.Debug|Any CPU.Build.0 = Debug|Any CPU
		{A639BDA4-B905-4563-88D7-ACC6C362B0A5}.Debug|x64.ActiveCfg = Debug|Any CPU
		{A639BDA4-B905-4563-88D7-ACC6C362B0A5}.Debug|x64.Build.0 = Debug|Any CPU
		{A639BDA4-B905-4563-88D7-ACC6C362B0A5}.Debug|x86.ActiveCfg = Debug|Any CPU
		{A639BDA4-B905-4563-88D7-ACC6C362B0A5}.Debug|x86.Build.0 = Debug|Any CPU
		{A639BDA4-B905-4563-88D7-ACC6C362B0A5}.Release|Any CPU.ActiveCfg = Release|Any CPU
		{A639BDA4-B905-4563-88D7-ACC6C362B0A5}.Release|Any CPU.Build.0 = Release|Any CPU
		{A639BDA4-B905-4563-88D7-ACC6C362B0A5}.Release|x64.ActiveCfg = Release|Any CPU
		{A639BDA4-B905-4563-88D7-ACC6C362B0A5}.Release|x64.Build.0 = Release|Any CPU
		{A639BDA4-B905-4563-88D7-ACC6C362B0A5}.Release|x86.ActiveCfg = Release|Any CPU
		{A639BDA4-B905-4563-88D7-ACC6C362B0A5}.Release|x86.Build.0 = Release|Any CPU
		{3CCA540E-ABD5-487B-BC14-888362726467}.Debug|Any CPU.ActiveCfg = Debug|Any CPU
		{3CCA540E-ABD5-487B-BC14-888362726467}.Debug|Any CPU.Build.0 = Debug|Any CPU
		{3CCA540E-ABD5-487B-BC14-888362726467}.Debug|x64.ActiveCfg = Debug|Any CPU
		{3CCA540E-ABD5-487B-BC14-888362726467}.Debug|x64.Build.0 = Debug|Any CPU
		{3CCA540E-ABD5-487B-BC14-888362726467}.Debug|x86.ActiveCfg = Debug|Any CPU
		{3CCA540E-ABD5-487B-BC14-888362726467}.Debug|x86.Build.0 = Debug|Any CPU
		{3CCA540E-ABD5-487B-BC14-888362726467}.Release|Any CPU.ActiveCfg = Release|Any CPU
		{3CCA540E-ABD5-487B-BC14-888362726467}.Release|Any CPU.Build.0 = Release|Any CPU
		{3CCA540E-ABD5-487B-BC14-888362726467}.Release|x64.ActiveCfg = Release|Any CPU
		{3CCA540E-ABD5-487B-BC14-888362726467}.Release|x64.Build.0 = Release|Any CPU
		{3CCA540E-ABD5-487B-BC14-888362726467}.Release|x86.ActiveCfg = Release|Any CPU
		{3CCA540E-ABD5-487B-BC14-888362726467}.Release|x86.Build.0 = Release|Any CPU
	EndGlobalSection
	GlobalSection(SolutionProperties) = preSolution
		HideSolutionNode = FALSE
	EndGlobalSection
	GlobalSection(ExtensibilityGlobals) = postSolution
		SolutionGuid = {428F0904-978A-4503-8A4D-43CF6E130B5E}
	EndGlobalSection
EndGlobal
